
Microsoft Visual Studio Solution File, Format Version 12.00
# Visual Studio Version 16
VisualStudioVersion = 25.0.1706.12
MinimumVisualStudioVersion = 10.0.40219.1
Project("{FAE04EC0-301F-11D3-BF4B-00C04F79EFBC}") = "ApiGateway", "ApiGateway\ApiGateway.csproj", "{CBE402A3-CE6F-41DC-8E03-38FC135BA103}"
EndProject
Global
	GlobalSection(SolutionConfigurationPlatforms) = preSolution
		Debug|Any CPU = Debug|Any CPU
		Release|Any CPU = Release|Any CPU
	EndGlobalSection
	GlobalSection(ProjectConfigurationPlatforms) = postSolution
		{CBE402A3-CE6F-41DC-8E03-38FC135BA103}.Debug|Any CPU.ActiveCfg = Debug|Any CPU
		{CBE402A3-CE6F-41DC-8E03-38FC135BA103}.Debug|Any CPU.Build.0 = Debug|Any CPU
		{CBE402A3-CE6F-41DC-8E03-38FC135BA103}.Release|Any CPU.ActiveCfg = Release|Any CPU
		{CBE402A3-CE6F-41DC-8E03-38FC135BA103}.Release|Any CPU.Build.0 = Release|Any CPU
	EndGlobalSection
	GlobalSection(SolutionProperties) = preSolution
		HideSolutionNode = FALSE
	EndGlobalSection
	GlobalSection(ExtensibilityGlobals) = postSolution
		SolutionGuid = {80B2DD44-7079-41AF-A6C3-168767649187}
	EndGlobalSection
EndGlobal
